# THIS IS AN AUTOGENERATED FILE. DO NOT EDIT THIS FILE DIRECTLY.
# yarn lockfile v1


typescript@^2.9.2:
  version "2.9.2"
  resolved "https://registry.yarnpkg.com/typescript/-/typescript-2.9.2.tgz#1cbf61d05d6b96269244eb6a3bce4bd914e0f00c"

web-ext-types@^2.1.0:
  version "2.1.0"
  resolved "https://registry.yarnpkg.com/web-ext-types/-/web-ext-types-2.1.0.tgz#31d0dbf5176298cd806274acc4383385b81a8bb6"
